{
    "name": "angular-phonecat",
    "version": "0.0.0",
    "lockfileVersion": 1,
    "requires": true,
    "dependencies": {
        "@angular/common": {
            "version": "4.3.6",
            "resolved": "https://registry.npmjs.org/@angular/common/-/common-4.3.6.tgz",
            "integrity": "sha1-7TfpMHx1Bt2DR5fBps9nXlK1tu4=",
            "requires": {
                "tslib": "1.9.3"
            }
        },
        "@angular/compiler": {
            "version": "4.3.6",
            "resolved": "https://registry.npmjs.org/@angular/compiler/-/compiler-4.3.6.tgz",
            "integrity": "sha1-vhcN8Ji3HoNczt8WjV+3sj5QRbg=",
            "requires": {
                "tslib": "1.9.3"
            }
        },
        "@angular/core": {
            "version": "4.3.6",
            "resolved": "https://registry.npmjs.org/@angular/core/-/core-4.3.6.tgz",
            "integrity": "sha1-u6xj1o0Pe8s4nRKzQghlK+MofpY=",
            "requires": {
                "tslib": "1.9.3"
            }
        },
        "@angular/forms": {
            "version": "4.3.6",
            "resolved": "https://registry.npmjs.org/@angular/forms/-/forms-4.3.6.tgz",
            "integrity": "sha1-DyDEWXwWoVJ0XXzZVVmFWgpcZoc=",
            "requires": {
                "tslib": "1.9.3"
            }
        },
        "@angular/http": {
            "version": "4.3.6",
            "resolved": "https://registry.npmjs.org/@angular/http/-/http-4.3.6.tgz",
            "integrity": "sha1-Vjgn0afV6J47fYa3f7vTZ7LAhZE=",
            "requires": {
                "tslib": "1.9.3"
            }
        },
        "@angular/platform-browser": {
            "version": "4.3.6",
            "resolved": "https://registry.npmjs.org/@angular/platform-browser/-/platform-browser-4.3.6.tgz",
            "integrity": "sha1-YVKx87eNAkb8XhUOL3ue1DN+O6Y=",
            "requires": {
                "tslib": "1.9.3"
            }
        },
        "@angular/platform-browser-dynamic": {
            "version": "4.3.6",
            "resolved": "https://registry.npmjs.org/@angular/platform-browser-dynamic/-/platform-browser-dynamic-4.3.6.tgz",
            "integrity": "sha1-nqv4JvEZyY+Fwqlu3LGKsAtO+xw=",
            "requires": {
                "tslib": "1.9.3"
            }
        },
        "@angular/router": {
            "version": "4.3.6",
            "resolved": "https://registry.npmjs.org/@angular/router/-/router-4.3.6.tgz",
            "integrity": "sha1-ZAM+20/NoIoyPnUztKGCDA8o0TA=",
            "requires": {
                "tslib": "1.9.3"
            }
        },
        "@angular/upgrade": {
            "version": "6.1.8",
            "resolved": "https://registry.npmjs.org/@angular/upgrade/-/upgrade-6.1.8.tgz",
            "integrity": "sha512-FZKehIgr44064915EttutfVNYH6y4lvEdj+Sn1/zN5fSFvnSW7j7T3kj0V3DzFrnk2uWW7filYSq0wHLCtnfjw==",
            "requires": {
                "tslib": "1.9.3"
            }
        },
        "@types/angular": {
            "version": "1.6.51",
            "resolved": "https://registry.npmjs.org/@types/angular/-/angular-1.6.51.tgz",
            "integrity": "sha512-wYU+/zlJWih7ZmonWVjGQ18tG7GboI9asMNjRBM5fpIFJWXSioQttCTw9qGL44cP82ghM8sCV9apEqm1zBDq2w=="
        },
        "@types/angular-animate": {
            "version": "1.5.10",
            "resolved": "https://registry.npmjs.org/@types/angular-animate/-/angular-animate-1.5.10.tgz",
            "integrity": "sha512-MnYYvTHAPUbtT6gqwrnl6k3a03A5BlNz1nVlwVGxyS+MeWCX4DC14SJ/pgJUa8wj+J04wZ2prMxFsOfp6cyjjQ==",
            "requires": {
                "@types/angular": "1.6.51"
            }
        },
        "@types/angular-cookies": {
            "version": "1.4.5",
            "resolved": "https://registry.npmjs.org/@types/angular-cookies/-/angular-cookies-1.4.5.tgz",
            "integrity": "sha512-WJJX4Z0JDte/0KSKGm4JGJbnv3wz8fnK6Li3aKdXUGu+mvjTvmJF7h0acFV9ODGhgwpFXzH9dLw3IjR6WbgG3w==",
            "requires": {
                "@types/angular": "1.6.51"
            }
        },
        "@types/angular-mocks": {
            "version": "1.7.0",
            "resolved": "https://registry.npmjs.org/@types/angular-mocks/-/angular-mocks-1.7.0.tgz",
            "integrity": "sha512-MeT5vxWBx4Ny5/sNZJjpZdv4K2KGwqQYiRQQZctan1TTaNyiVlFRYbcmheolhM4KKbTWmoxTVeuvGzniTDg1kw==",
            "requires": {
                "@types/angular": "1.6.51"
            }
        },
        "@types/angular-resource": {
            "version": "1.5.14",
            "resolved": "https://registry.npmjs.org/@types/angular-resource/-/angular-resource-1.5.14.tgz",
            "integrity": "sha512-dpP5DHIape+lMlLPzfOrkpkgjiDrT2lYcPY2Wrk2FTUEBlOZkR1sM+I8oR1S/ZuKCDzTxOi0UmLg+0MG7zcFyA==",
            "requires": {
                "@types/angular": "1.6.51"
            }
        },
        "@types/angular-route": {
            "version": "1.7.0",
            "resolved": "https://registry.npmjs.org/@types/angular-route/-/angular-route-1.7.0.tgz",
            "integrity": "sha512-gctkSXUY7hDwFeW8il7f3+sdMmds0JaMnHvrZmqX79DHXf2D72+SHxJHIt5i6+0BrhoqdWdpgziSxuKnkAUAQw==",
            "requires": {
                "@types/angular": "1.6.51"
            }
        },
        "@types/angular-sanitize": {
            "version": "1.3.7",
            "resolved": "https://registry.npmjs.org/@types/angular-sanitize/-/angular-sanitize-1.3.7.tgz",
            "integrity": "sha512-Ha8XJ2zP2jPwRd4cQ3f1fGhrdbgCbyHoHMdSoMjfx7Se5VtNTdxFuAlW59dXlDadIo9JTHimWbYVRQYiUMdjoQ==",
            "requires": {
                "@types/angular": "1.6.51"
            }
        },
        "@types/jasmine": {
            "version": "2.8.8",
            "resolved": "https://registry.npmjs.org/@types/jasmine/-/jasmine-2.8.8.tgz",
            "integrity": "sha512-OJSUxLaxXsjjhob2DBzqzgrkLmukM3+JMpRp0r0E4HTdT1nwDCWhaswjYxazPij6uOdzHCJfNbDjmQ1/rnNbCg=="
        },
        "angular-in-memory-web-api": {
            "version": "0.3.2",
            "resolved": "https://registry.npmjs.org/angular-in-memory-web-api/-/angular-in-memory-web-api-0.3.2.tgz",
            "integrity": "sha1-iDbZ4lNNN7co88taHK9v4ef7vs0="
        },
        "async": {
            "version": "0.9.0",
            "resolved": "https://registry.npmjs.org/async/-/async-0.9.0.tgz",
            "integrity": "sha1-rDYTsdqb7RtHUQu0ZRuJMeRxRsc="
        },
        "bower": {
            "version": "1.8.4",
            "resolved": "https://registry.npmjs.org/bower/-/bower-1.8.4.tgz",
            "integrity": "sha1-54dqB23rgTf30GUl3F6MZtuC8oo="
        },
        "colors": {
            "version": "1.0.3",
            "resolved": "https://registry.npmjs.org/colors/-/colors-1.0.3.tgz",
            "integrity": "sha1-BDP0TYCWgP3rYO0mDxsMJi6CpAs="
        },
        "core-js": {
            "version": "2.5.7",
            "resolved": "https://registry.npmjs.org/core-js/-/core-js-2.5.7.tgz",
            "integrity": "sha512-RszJCAxg/PP6uzXVXL6BsxSXx/B05oJAQ2vkJRjyjrEcNVycaqOmNb5OTxZPE3xa5gwZduqza6L9JOCenh/Ecw=="
        },
        "corser": {
            "version": "2.0.1",
            "resolved": "https://registry.npmjs.org/corser/-/corser-2.0.1.tgz",
            "integrity": "sha1-jtolLsqrWEDc2XXOuQ2TcMgZ/4c="
        },
        "debug": {
            "version": "3.1.0",
            "resolved": "https://registry.npmjs.org/debug/-/debug-3.1.0.tgz",
            "integrity": "sha512-OX8XqP7/1a9cqkxYw2yXss15f26NKWBpDXQd0/uK/KPqdQhxbPa994hnzjcE2VqQpDslf55723cKPUOGSmMY3g==",
            "requires": {
                "ms": "2.0.0"
            }
        },
        "ecstatic": {
            "version": "1.4.1",
            "resolved": "http://registry.npmjs.org/ecstatic/-/ecstatic-1.4.1.tgz",
            "integrity": "sha1-Mst7b6LikNWGaGdNEV6PDD1WfWo=",
            "requires": {
                "he": "0.5.0",
                "mime": "1.6.0",
                "minimist": "1.2.0",
                "url-join": "1.1.0"
            }
        },
        "eventemitter3": {
            "version": "3.1.0",
            "resolved": "https://registry.npmjs.org/eventemitter3/-/eventemitter3-3.1.0.tgz",
            "integrity": "sha512-ivIvhpq/Y0uSjcHDcOIccjmYjGLcP09MFGE7ysAwkAvkXfpZlC985pH2/ui64DKazbTW/4kN3yqozUxlXzI6cA=="
        },
        "follow-redirects": {
            "version": "1.5.8",
            "resolved": "https://registry.npmjs.org/follow-redirects/-/follow-redirects-1.5.8.tgz",
            "integrity": "sha512-sy1mXPmv7kLAMKW/8XofG7o9T+6gAjzdZK4AJF6ryqQYUa/hnzgiypoeUecZ53x7XiqKNEpNqLtS97MshW2nxg==",
            "requires": {
                "debug": "3.1.0"
            }
        },
        "he": {
            "version": "0.5.0",
            "resolved": "https://registry.npmjs.org/he/-/he-0.5.0.tgz",
            "integrity": "sha1-LAX/rvkLaOhg8/0rVO9YCYknfuI="
        },
        "http-proxy": {
            "version": "1.17.0",
            "resolved": "https://registry.npmjs.org/http-proxy/-/http-proxy-1.17.0.tgz",
            "integrity": "sha512-Taqn+3nNvYRfJ3bGvKfBSRwy1v6eePlm3oc/aWVxZp57DQr5Eq3xhKJi7Z4hZpS8PC3H4qI+Yly5EmFacGuA/g==",
            "requires": {
                "eventemitter3": "3.1.0",
                "follow-redirects": "1.5.8",
                "requires-port": "1.0.0"
            }
        },
        "http-server": {
            "version": "0.9.0",
            "resolved": "https://registry.npmjs.org/http-server/-/http-server-0.9.0.tgz",
            "integrity": "sha1-jxsGvcczYY1NxCgxx7oa/04GABo=",
            "requires": {
                "colors": "1.0.3",
                "corser": "2.0.1",
                "ecstatic": "1.4.1",
                "http-proxy": "1.17.0",
                "opener": "1.4.3",
                "optimist": "0.6.1",
                "portfinder": "0.4.0",
                "union": "0.4.6"
            }
        },
        "jasmine-core": {
            "version": "2.99.1",
            "resolved": "https://registry.npmjs.org/jasmine-core/-/jasmine-core-2.99.1.tgz",
            "integrity": "sha1-5kAN8ea1bhMLYcS80JPap/boyhU="
        },
        "mime": {
            "version": "1.6.0",
            "resolved": "https://registry.npmjs.org/mime/-/mime-1.6.0.tgz",
            "integrity": "sha512-x0Vn8spI+wuJ1O6S7gnbaQg8Pxh4NNHb7KSINmEWKiPE4RKOplvijn+NkmYmmRgP68mc70j2EbeTFRsrswaQeg=="
        },
        "minimist": {
            "version": "1.2.0",
            "resolved": "http://registry.npmjs.org/minimist/-/minimist-1.2.0.tgz",
            "integrity": "sha1-o1AIsg9BOD7sH7kU9M1d95omQoQ="
        },
        "mkdirp": {
            "version": "0.5.1",
            "resolved": "http://registry.npmjs.org/mkdirp/-/mkdirp-0.5.1.tgz",
            "integrity": "sha1-MAV0OOrGz3+MR2fzhkjWaX11yQM=",
            "requires": {
                "minimist": "0.0.8"
            },
            "dependencies": {
                "minimist": {
                    "version": "0.0.8",
                    "resolved": "http://registry.npmjs.org/minimist/-/minimist-0.0.8.tgz",
                    "integrity": "sha1-hX/Kv8M5fSYluCKCYuhqp6ARsF0="
                }
            }
        },
        "ms": {
            "version": "2.0.0",
            "resolved": "https://registry.npmjs.org/ms/-/ms-2.0.0.tgz",
            "integrity": "sha1-VgiurfwAvmwpAd9fmGF4jeDVl8g="
        },
        "opener": {
            "version": "1.4.3",
            "resolved": "https://registry.npmjs.org/opener/-/opener-1.4.3.tgz",
            "integrity": "sha1-XG2ixdflgx6P+jlklQ+NZnSskLg="
        },
        "optimist": {
            "version": "0.6.1",
            "resolved": "https://registry.npmjs.org/optimist/-/optimist-0.6.1.tgz",
            "integrity": "sha1-2j6nRob6IaGaERwybpDrFaAZZoY=",
            "requires": {
                "minimist": "0.0.10",
                "wordwrap": "0.0.3"
            },
            "dependencies": {
                "minimist": {
                    "version": "0.0.10",
                    "resolved": "http://registry.npmjs.org/minimist/-/minimist-0.0.10.tgz",
                    "integrity": "sha1-3j+YVD2/lggr5IrRoMfNqDYwHc8="
                }
            }
        },
        "portfinder": {
            "version": "0.4.0",
            "resolved": "https://registry.npmjs.org/portfinder/-/portfinder-0.4.0.tgz",
            "integrity": "sha1-o/+t/6/k+5jgYBqF7aJ8J86Eyh4=",
            "requires": {
                "async": "0.9.0",
                "mkdirp": "0.5.1"
            }
        },
        "qs": {
            "version": "2.3.3",
            "resolved": "https://registry.npmjs.org/qs/-/qs-2.3.3.tgz",
            "integrity": "sha1-6eha2+ddoLvkyOBHaghikPhjtAQ="
        },
        "requires-port": {
            "version": "1.0.0",
            "resolved": "https://registry.npmjs.org/requires-port/-/requires-port-1.0.0.tgz",
            "integrity": "sha1-kl0mAdOaxIXgkc8NpcbmlNw9yv8="
        },
        "rxjs": {
            "version": "5.0.1",
            "resolved": "http://registry.npmjs.org/rxjs/-/rxjs-5.0.1.tgz",
            "integrity": "sha1-Omm9+fDKCphjAzcNRwj3K9+sg1Y=",
            "requires": {
                "symbol-observable": "1.2.0"
            }
        },
        "symbol-observable": {
            "version": "1.2.0",
            "resolved": "https://registry.npmjs.org/symbol-observable/-/symbol-observable-1.2.0.tgz",
            "integrity": "sha512-e900nM8RRtGhlV36KGEU9k65K3mPb1WV70OdjfxlG2EAuM1noi/E/BaW/uMhL7bPEssK8QV57vN3esixjUvcXQ=="
        },
        "systemjs": {
            "version": "0.19.40",
            "resolved": "http://registry.npmjs.org/systemjs/-/systemjs-0.19.40.tgz",
            "integrity": "sha1-FY9kqfTvVBp/2mtA5SfuRrbFTNA=",
            "requires": {
                "when": "3.7.8"
            }
        },
        "tslib": {
            "version": "1.9.3",
            "resolved": "https://registry.npmjs.org/tslib/-/tslib-1.9.3.tgz",
            "integrity": "sha512-4krF8scpejhaOgqzBEcGM7yDIEfi0/8+8zDRZhNZZ2kjmHJ4hv3zCbQWxoJGz1iw5U0Jl0nma13xzHXcncMavQ=="
        },
        "typescript": {
            "version": "3.0.3",
            "resolved": "https://registry.npmjs.org/typescript/-/typescript-3.0.3.tgz",
            "integrity": "sha512-kk80vLW9iGtjMnIv11qyxLqZm20UklzuR2tL0QAnDIygIUIemcZMxlMWudl9OOt76H3ntVzcTiddQ1/pAAJMYg=="
        },
        "union": {
            "version": "0.4.6",
            "resolved": "https://registry.npmjs.org/union/-/union-0.4.6.tgz",
            "integrity": "sha1-GY+9rrolTniLDvy2MLwR8kopWeA=",
            "requires": {
                "qs": "2.3.3"
            }
        },
        "url-join": {
            "version": "1.1.0",
            "resolved": "https://registry.npmjs.org/url-join/-/url-join-1.1.0.tgz",
            "integrity": "sha1-dBxsL0WWxIMNZxhGCSDQySIC3Hg="
        },
        "when": {
            "version": "3.7.8",
            "resolved": "https://registry.npmjs.org/when/-/when-3.7.8.tgz",
            "integrity": "sha1-xxMLan6gRpPoQs3J56Hyqjmjn4I="
        },
        "wordwrap": {
            "version": "0.0.3",
            "resolved": "https://registry.npmjs.org/wordwrap/-/wordwrap-0.0.3.tgz",
            "integrity": "sha1-o9XabNXAvAAI03I0u68b7WMFkQc="
        },
        "zone.js": {
            "version": "0.8.26",
            "resolved": "https://registry.npmjs.org/zone.js/-/zone.js-0.8.26.tgz",
            "integrity": "sha512-W9Nj+UmBJG251wkCacIkETgra4QgBo/vgoEkb4a2uoLzpQG7qF9nzwoLXWU5xj3Fg2mxGvEDh47mg24vXccYjA=="
        }
    }
}
